// !$*UTF8*$!
{
	archiveVersion = 1;
	classes = {
	};
	objectVersion = 50;
	objects = {

/* Begin PBXBuildFile section */
		57E14BDE2408BBB000F83AE0 /* Sounds in Resources */ = {isa = PBXBuildFile; fileRef = 57E14BDD2408BBB000F83AE0 /* Sounds */; };
		57E14BE02408C24600F83AE0 /* SplashScene.swift in Sources */ = {isa = PBXBuildFile; fileRef = 57E14BDF2408C24600F83AE0 /* SplashScene.swift */; };
		57E14BE22408C26800F83AE0 /* SelectionScene.swift in Sources */ = {isa = PBXBuildFile; fileRef = 57E14BE12408C26800F83AE0 /* SelectionScene.swift */; };
		57E14BE42408C28B00F83AE0 /* DialogScene.swift in Sources */ = {isa = PBXBuildFile; fileRef = 57E14BE32408C28B00F83AE0 /* DialogScene.swift */; };
		57E14BE62408C2A700F83AE0 /* FightScene.swift in Sources */ = {isa = PBXBuildFile; fileRef = 57E14BE52408C2A700F83AE0 /* FightScene.swift */; };
		57E14BE82408C4E100F83AE0 /* FTButtonNode.swift in Sources */ = {isa = PBXBuildFile; fileRef = 57E14BE72408C4E100F83AE0 /* FTButtonNode.swift */; };
		57E14BEF2409600600F83AE0 /* BaseScene.swift in Sources */ = {isa = PBXBuildFile; fileRef = 57E14BEE2409600600F83AE0 /* BaseScene.swift */; };
		57EC7583240032910062B192 /* AppDelegate.swift in Sources */ = {isa = PBXBuildFile; fileRef = 57EC7582240032910062B192 /* AppDelegate.swift */; };
		57EC7587240032910062B192 /* Actions.sks in Resources */ = {isa = PBXBuildFile; fileRef = 57EC7586240032910062B192 /* Actions.sks */; };
		57EC758B240032910062B192 /* GameViewController.swift in Sources */ = {isa = PBXBuildFile; fileRef = 57EC758A240032910062B192 /* GameViewController.swift */; };
		57EC758E240032910062B192 /* Main.storyboard in Resources */ = {isa = PBXBuildFile; fileRef = 57EC758C240032910062B192 /* Main.storyboard */; };
		57EC7590240032950062B192 /* Assets.xcassets in Resources */ = {isa = PBXBuildFile; fileRef = 57EC758F240032950062B192 /* Assets.xcassets */; };
		57EC7593240032950062B192 /* LaunchScreen.storyboard in Resources */ = {isa = PBXBuildFile; fileRef = 57EC7591240032950062B192 /* LaunchScreen.storyboard */; };
/* End PBXBuildFile section */

/* Begin PBXFileReference section */
		57E14BDD2408BBB000F83AE0 /* Sounds */ = {isa = PBXFileReference; lastKnownFileType = folder; path = Sounds; sourceTree = "<group>"; };
		57E14BDF2408C24600F83AE0 /* SplashScene.swift */ = {isa = PBXFileReference; lastKnownFileType = sourcecode.swift; path = SplashScene.swift; sourceTree = "<group>"; };
		57E14BE12408C26800F83AE0 /* SelectionScene.swift */ = {isa = PBXFileReference; lastKnownFileType = sourcecode.swift; path = SelectionScene.swift; sourceTree = "<group>"; };
		57E14BE32408C28B00F83AE0 /* DialogScene.swift */ = {isa = PBXFileReference; lastKnownFileType = sourcecode.swift; path = DialogScene.swift; sourceTree = "<group>"; };
		57E14BE52408C2A700F83AE0 /* FightScene.swift */ = {isa = PBXFileReference; lastKnownFileType = sourcecode.swift; path = FightScene.swift; sourceTree = "<group>"; };
		57E14BE72408C4E100F83AE0 /* FTButtonNode.swift */ = {isa = PBXFileReference; lastKnownFileType = sourcecode.swift; path = FTButtonNode.swift; sourceTree = "<group>"; };
		57E14BEE2409600600F83AE0 /* BaseScene.swift */ = {isa = PBXFileReference; lastKnownFileType = sourcecode.swift; path = BaseScene.swift; sourceTree = "<group>"; };
		57EC757F240032910062B192 /* AlleyFighter.app */ = {isa = PBXFileReference; explicitFileType = wrapper.application; includeInIndex = 0; path = AlleyFighter.app; sourceTree = BUILT_PRODUCTS_DIR; };
		57EC7582240032910062B192 /* AppDelegate.swift */ = {isa = PBXFileReference; lastKnownFileType = sourcecode.swift; path = AppDelegate.swift; sourceTree = "<group>"; };
		57EC7586240032910062B192 /* Actions.sks */ = {isa = PBXFileReference; lastKnownFileType = file.sks; path = Actions.sks; sourceTree = "<group>"; };
		57EC758A240032910062B192 /* GameViewController.swift */ = {isa = PBXFileReference; lastKnownFileType = sourcecode.swift; path = GameViewController.swift; sourceTree = "<group>"; };
		57EC758D240032910062B192 /* Base */ = {isa = PBXFileReference; lastKnownFileType = file.storyboard; name = Base; path = Base.lproj/Main.storyboard; sourceTree = "<group>"; };
		57EC758F240032950062B192 /* Assets.xcassets */ = {isa = PBXFileReference; lastKnownFileType = folder.assetcatalog; path = Assets.xcassets; sourceTree = "<group>"; };
		57EC7592240032950062B192 /* Base */ = {isa = PBXFileReference; lastKnownFileType = file.storyboard; name = Base; path = Base.lproj/LaunchScreen.storyboard; sourceTree = "<group>"; };
		57EC7594240032950062B192 /* Info.plist */ = {isa = PBXFileReference; lastKnownFileType = text.plist.xml; path = Info.plist; sourceTree = "<group>"; };
/* End PBXFileReference section */

/* Begin PBXFrameworksBuildPhase section */
		57EC757C240032910062B192 /* Frameworks */ = {
			isa = PBXFrameworksBuildPhase;
			buildActionMask = 2147483647;
			files = (
			);
			runOnlyForDeploymentPostprocessing = 0;
		};
/* End PBXFrameworksBuildPhase section */

/* Begin PBXGroup section */
		57EC7576240032910062B192 = {
			isa = PBXGroup;
			children = (
				57EC7581240032910062B192 /* AlleyFighter */,
				57EC7580240032910062B192 /* Products */,
			);
			sourceTree = "<group>";
		};
		57EC7580240032910062B192 /* Products */ = {
			isa = PBXGroup;
			children = (
				57EC757F240032910062B192 /* AlleyFighter.app */,
			);
			name = Products;
			sourceTree = "<group>";
		};
		57EC7581240032910062B192 /* AlleyFighter */ = {
			isa = PBXGroup;
			children = (
				57EC7582240032910062B192 /* AppDelegate.swift */,
				57EC7586240032910062B192 /* Actions.sks */,
				57E14BEE2409600600F83AE0 /* BaseScene.swift */,
				57EC758A240032910062B192 /* GameViewController.swift */,
				57EC758C240032910062B192 /* Main.storyboard */,
				57EC7591240032950062B192 /* LaunchScreen.storyboard */,
				57EC7594240032950062B192 /* Info.plist */,
				57E14BDF2408C24600F83AE0 /* SplashScene.swift */,
				57E14BE12408C26800F83AE0 /* SelectionScene.swift */,
				57E14BE32408C28B00F83AE0 /* DialogScene.swift */,
				57E14BE52408C2A700F83AE0 /* FightScene.swift */,
				57E14BE72408C4E100F83AE0 /* FTButtonNode.swift */,
				57E14BDD2408BBB000F83AE0 /* Sounds */,
				57EC758F240032950062B192 /* Assets.xcassets */,
			);
			path = AlleyFighter;
			sourceTree = "<group>";
		};
/* End PBXGroup section */

/* Begin PBXNativeTarget section */
		57EC757E240032910062B192 /* AlleyFighter */ = {
			isa = PBXNativeTarget;
			buildConfigurationList = 57EC7597240032950062B192 /* Build configuration list for PBXNativeTarget "AlleyFighter" */;
			buildPhases = (
				57EC757B240032910062B192 /* Sources */,
				57EC757C240032910062B192 /* Frameworks */,
				57EC757D240032910062B192 /* Resources */,
			);
			buildRules = (
			);
			dependencies = (
			);
			name = AlleyFighter;
			productName = AlleyFighter;
			productReference = 57EC757F240032910062B192 /* AlleyFighter.app */;
			productType = "com.apple.product-type.application";
		};
/* End PBXNativeTarget section */

/* Begin PBXProject section */
		57EC7577240032910062B192 /* Project object */ = {
			isa = PBXProject;
			attributes = {
				LastSwiftUpdateCheck = 1130;
				LastUpgradeCheck = 1130;
				ORGANIZATIONNAME = "Ricardo Shimoda Nakasako";
				TargetAttributes = {
					57EC757E240032910062B192 = {
						CreatedOnToolsVersion = 11.3.1;
					};
				};
			};
			buildConfigurationList = 57EC757A240032910062B192 /* Build configuration list for PBXProject "AlleyFighter" */;
			compatibilityVersion = "Xcode 9.3";
			developmentRegion = en;
			hasScannedForEncodings = 0;
			knownRegions = (
				en,
				Base,
			);
			mainGroup = 57EC7576240032910062B192;
			productRefGroup = 57EC7580240032910062B192 /* Products */;
			projectDirPath = "";
			projectRoot = "";
			targets = (
				57EC757E240032910062B192 /* AlleyFighter */,
			);
		};
/* End PBXProject section */

/* Begin PBXResourcesBuildPhase section */
		57EC757D240032910062B192 /* Resources */ = {
			isa = PBXResourcesBuildPhase;
			buildActionMask = 2147483647;
			files = (
				57E14BDE2408BBB000F83AE0 /* Sounds in Resources */,
				57EC758E240032910062B192 /* Main.storyboard in Resources */,
				57EC7590240032950062B192 /* Assets.xcassets in Resources */,
				57EC7593240032950062B192 /* LaunchScreen.storyboard in Resources */,
				57EC7587240032910062B192 /* Actions.sks in Resources */,
			);
			runOnlyForDeploymentPostprocessing = 0;
		};
/* End PBXResourcesBuildPhase section */

/* Begin PBXSourcesBuildPhase section */
		57EC757B240032910062B192 /* Sources */ = {
			isa = PBXSourcesBuildPhase;
			buildActionMask = 2147483647;
			files = (
				57E14BE82408C4E100F83AE0 /* FTButtonNode.swift in Sources */,
				57E14BE22408C26800F83AE0 /* SelectionScene.swift in Sources */,
				57E14BE42408C28B00F83AE0 /* DialogScene.swift in Sources */,
				57E14BEF2409600600F83AE0 /* BaseScene.swift in Sources */,
				57E14BE62408C2A700F83AE0 /* FightScene.swift in Sources */,
				57E14BE02408C24600F83AE0 /* SplashScene.swift in Sources */,
				57EC758B240032910062B192 /* GameViewController.swift in Sources */,
				57EC7583240032910062B192 /* AppDelegate.swift in Sources */,
			);
			runOnlyForDeploymentPostprocessing = 0;
		};
/* End PBXSourcesBuildPhase section */

/* Begin PBXVariantGroup section */
		57EC758C240032910062B192 /* Main.storyboard */ = {
			isa = PBXVariantGroup;
			children = (
				57EC758D240032910062B192 /* Base */,
			);
			name = Main.storyboard;
			sourceTree = "<group>";
		};
		57EC7591240032950062B192 /* LaunchScreen.storyboard */ = {
			isa = PBXVariantGroup;
			children = (
				57EC7592240032950062B192 /* Base */,
			);
			name = LaunchScreen.storyboard;
			sourceTree = "<group>";
		};
/* End PBXVariantGroup section */

/* Begin XCBuildConfiguration section */
		57EC7595240032950062B192 /* Debug */ = {
			isa = XCBuildConfiguration;
			buildSettings = {
				ALWAYS_SEARCH_USER_PATHS = NO;
				CLANG_ANALYZER_NONNULL = YES;
				CLANG_ANALYZER_NUMBER_OBJECT_CONVERSION = YES_AGGRESSIVE;
				CLANG_CXX_LANGUAGE_STANDARD = "gnu++14";
				CLANG_CXX_LIBRARY = "libc++";
				CLANG_ENABLE_MODULES = YES;
				CLANG_ENABLE_OBJC_ARC = YES;
				CLANG_ENABLE_OBJC_WEAK = YES;
				CLANG_WARN_BLOCK_CAPTURE_AUTORELEASING = YES;
				CLANG_WARN_BOOL_CONVERSION = YES;
				CLANG_WARN_COMMA = YES;
				CLANG_WARN_CONSTANT_CONVERSION = YES;
				CLANG_WARN_DEPRECATED_OBJC_IMPLEMENTATIONS = YES;
				CLANG_WARN_DIRECT_OBJC_ISA_USAGE = YES_ERROR;
				CLANG_WARN_DOCUMENTATION_COMMENTS = YES;
				CLANG_WARN_EMPTY_BODY = YES;
				CLANG_WARN_ENUM_CONVERSION = YES;
				CLANG_WARN_INFINITE_RECURSION = YES;
				CLANG_WARN_INT_CONVERSION = YES;
				CLANG_WARN_NON_LITERAL_NULL_CONVERSION = YES;
				CLANG_WARN_OBJC_IMPLICIT_RETAIN_SELF = YES;
				CLANG_WARN_OBJC_LITERAL_CONVERSION = YES;
				CLANG_WARN_OBJC_ROOT_CLASS = YES_ERROR;
				CLANG_WARN_RANGE_LOOP_ANALYSIS = YES;
				CLANG_WARN_STRICT_PROTOTYPES = YES;
				CLANG_WARN_SUSPICIOUS_MOVE = YES;
				CLANG_WARN_UNGUARDED_AVAILABILITY = YES_AGGRESSIVE;
				CLANG_WARN_UNREACHABLE_CODE = YES;
				CLANG_WARN__DUPLICATE_METHOD_MATCH = YES;
				COPY_PHASE_STRIP = NO;
				DEBUG_INFORMATION_FORMAT = dwarf;
				ENABLE_STRICT_OBJC_MSGSEND = YES;
				ENABLE_TESTABILITY = YES;
				GCC_C_LANGUAGE_STANDARD = gnu11;
				GCC_DYNAMIC_NO_PIC = NO;
				GCC_NO_COMMON_BLOCKS = YES;
				GCC_OPTIMIZATION_LEVEL = 0;
				GCC_PREPROCESSOR_DEFINITIONS = (
					"DEBUG=1",
					"$(inherited)",
				);
				GCC_WARN_64_TO_32_BIT_CONVERSION = YES;
				GCC_WARN_ABOUT_RETURN_TYPE = YES_ERROR;
				GCC_WARN_UNDECLARED_SELECTOR = YES;
				GCC_WARN_UNINITIALIZED_AUTOS = YES_AGGRESSIVE;
				GCC_WARN_UNUSED_FUNCTION = YES;
				GCC_WARN_UNUSED_VARIABLE = YES;
				IPHONEOS_DEPLOYMENT_TARGET = 13.2;
				MTL_ENABLE_DEBUG_INFO = INCLUDE_SOURCE;
				MTL_FAST_MATH = YES;
				ONLY_ACTIVE_ARCH = YES;
				SDKROOT = iphoneos;
				SWIFT_ACTIVE_COMPILATION_CONDITIONS = DEBUG;
				SWIFT_OPTIMIZATION_LEVEL = "-Onone";
			};
			name = Debug;
		};
		57EC7596240032950062B192 /* Release */ = {
			isa = XCBuildConfiguration;
			buildSettings = {
				ALWAYS_SEARCH_USER_PATHS = NO;
				CLANG_ANALYZER_NONNULL = YES;
				CLANG_ANALYZER_NUMBER_OBJECT_CONVERSION = YES_AGGRESSIVE;
				CLANG_CXX_LANGUAGE_STANDARD = "gnu++14";
				CLANG_CXX_LIBRARY = "libc++";
				CLANG_ENABLE_MODULES = YES;
				CLANG_ENABLE_OBJC_ARC = YES;
				CLANG_ENABLE_OBJC_WEAK = YES;
				CLANG_WARN_BLOCK_CAPTURE_AUTORELEASING = YES;
				CLANG_WARN_BOOL_CONVERSION = YES;
				CLANG_WARN_COMMA = YES;
				CLANG_WARN_CONSTANT_CONVERSION = YES;
				CLANG_WARN_DEPRECATED_OBJC_IMPLEMENTATIONS = YES;
				CLANG_WARN_DIRECT_OBJC_ISA_USAGE = YES_ERROR;
				CLANG_WARN_DOCUMENTATION_COMMENTS = YES;
				CLANG_WARN_EMPTY_BODY = YES;
				CLANG_WARN_ENUM_CONVERSION = YES;
				CLANG_WARN_INFINITE_RECURSION = YES;
				CLANG_WARN_INT_CONVERSION = YES;
				CLANG_WARN_NON_LITERAL_NULL_CONVERSION = YES;
				CLANG_WARN_OBJC_IMPLICIT_RETAIN_SELF = YES;
				CLANG_WARN_OBJC_LITERAL_CONVERSION = YES;
				CLANG_WARN_OBJC_ROOT_CLASS = YES_ERROR;
				CLANG_WARN_RANGE_LOOP_ANALYSIS = YES;
				CLANG_WARN_STRICT_PROTOTYPES = YES;
				CLANG_WARN_SUSPICIOUS_MOVE = YES;
				CLANG_WARN_UNGUARDED_AVAILABILITY = YES_AGGRESSIVE;
				CLANG_WARN_UNREACHABLE_CODE = YES;
				CLANG_WARN__DUPLICATE_METHOD_MATCH = YES;
				COPY_PHASE_STRIP = NO;
				DEBUG_INFORMATION_FORMAT = "dwarf-with-dsym";
				ENABLE_NS_ASSERTIONS = NO;
				ENABLE_STRICT_OBJC_MSGSEND = YES;
				GCC_C_LANGUAGE_STANDARD = gnu11;
				GCC_NO_COMMON_BLOCKS = YES;
				GCC_WARN_64_TO_32_BIT_CONVERSION = YES;
				GCC_WARN_ABOUT_RETURN_TYPE = YES_ERROR;
				GCC_WARN_UNDECLARED_SELECTOR = YES;
				GCC_WARN_UNINITIALIZED_AUTOS = YES_AGGRESSIVE;
				GCC_WARN_UNUSED_FUNCTION = YES;
				GCC_WARN_UNUSED_VARIABLE = YES;
				IPHONEOS_DEPLOYMENT_TARGET = 13.2;
				MTL_ENABLE_DEBUG_INFO = NO;
				MTL_FAST_MATH = YES;
				SDKROOT = iphoneos;
				SWIFT_COMPILATION_MODE = wholemodule;
				SWIFT_OPTIMIZATION_LEVEL = "-O";
				VALIDATE_PRODUCT = YES;
			};
			name = Release;
		};
		57EC7598240032950062B192 /* Debug */ = {
			isa = XCBuildConfiguration;
			buildSettings = {
				ASSETCATALOG_COMPILER_APPICON_NAME = AppIcon;
				CODE_SIGN_STYLE = Automatic;
				DEVELOPMENT_TEAM = 55ZPW8X5DU;
				INFOPLIST_FILE = AlleyFighter/Info.plist;
				LD_RUNPATH_SEARCH_PATHS = (
					"$(inherited)",
					"@executable_path/Frameworks",
				);
				PRODUCT_BUNDLE_IDENTIFIER = ca.gbcgame3004.rsn.AlleyFighter;
				PRODUCT_NAME = "$(TARGET_NAME)";
				SWIFT_VERSION = 5.0;
				TARGETED_DEVICE_FAMILY = 1;
			};
			name = Debug;
		};
		57EC7599240032950062B192 /* Release */ = {
			isa = XCBuildConfiguration;
			buildSettings = {
				ASSETCATALOG_COMPILER_APPICON_NAME = AppIcon;
				CODE_SIGN_STYLE = Automatic;
				DEVELOPMENT_TEAM = 55ZPW8X5DU;
				INFOPLIST_FILE = AlleyFighter/Info.plist;
				LD_RUNPATH_SEARCH_PATHS = (
					"$(inherited)",
					"@executable_path/Frameworks",
				);
				PRODUCT_BUNDLE_IDENTIFIER = ca.gbcgame3004.rsn.AlleyFighter;
				PRODUCT_NAME = "$(TARGET_NAME)";
				SWIFT_VERSION = 5.0;
				TARGETED_DEVICE_FAMILY = 1;
			};
			name = Release;
		};
/* End XCBuildConfiguration section */

/* Begin XCConfigurationList section */
		57EC757A240032910062B192 /* Build configuration list for PBXProject "AlleyFighter" */ = {
			isa = XCConfigurationList;
			buildConfigurations = (
				57EC7595240032950062B192 /* Debug */,
				57EC7596240032950062B192 /* Release */,
			);
			defaultConfigurationIsVisible = 0;
			defaultConfigurationName = Release;
		};
		57EC7597240032950062B192 /* Build configuration list for PBXNativeTarget "AlleyFighter" */ = {
			isa = XCConfigurationList;
			buildConfigurations = (
				57EC7598240032950062B192 /* Debug */,
				57EC7599240032950062B192 /* Release */,
			);
			defaultConfigurationIsVisible = 0;
			defaultConfigurationName = Release;
		};
/* End XCConfigurationList section */
	};
	rootObject = 57EC7577240032910062B192 /* Project object */;
}
